
Microsoft Visual Studio Solution File, Format Version 12.00
# Visual Studio Version 16
VisualStudioVersion = 16.0.30114.105
MinimumVisualStudioVersion = 10.0.40219.1
Project("{FAE04EC0-301F-11D3-BF4B-00C04F79EFBC}") = "API", "API\API.csproj", "{A36FAD20-72FC-414E-904C-89DC5B92872D}"
EndProject
Project("{FAE04EC0-301F-11D3-BF4B-00C04F79EFBC}") = "Application", "Application\Application.csproj", "{983E2FFE-D583-4963-88AE-0DDA750E6589}"
EndProject
Project("{FAE04EC0-301F-11D3-BF4B-00C04F79EFBC}") = "Domain", "Domain\Domain.csproj", "{0C718C0C-803C-45C4-99B4-F596D353DB40}"
EndProject
Project("{FAE04EC0-301F-11D3-BF4B-00C04F79EFBC}") = "Persistence", "Persistence\Persistence.csproj", "{7DDA20EE-287E-4683-8749-D940F3B79D77}"
EndProject
Global
	GlobalSection(SolutionConfigurationPlatforms) = preSolution
		Debug|Any CPU = Debug|Any CPU
		Release|Any CPU = Release|Any CPU
	EndGlobalSection
	GlobalSection(SolutionProperties) = preSolution
		HideSolutionNode = FALSE
	EndGlobalSection
	GlobalSection(ProjectConfigurationPlatforms) = postSolution
		{A36FAD20-72FC-414E-904C-89DC5B92872D}.Debug|Any CPU.ActiveCfg = Debug|Any CPU
		{A36FAD20-72FC-414E-904C-89DC5B92872D}.Debug|Any CPU.Build.0 = Debug|Any CPU
		{A36FAD20-72FC-414E-904C-89DC5B92872D}.Release|Any CPU.ActiveCfg = Release|Any CPU
		{A36FAD20-72FC-414E-904C-89DC5B92872D}.Release|Any CPU.Build.0 = Release|Any CPU
		{983E2FFE-D583-4963-88AE-0DDA750E6589}.Debug|Any CPU.ActiveCfg = Debug|Any CPU
		{983E2FFE-D583-4963-88AE-0DDA750E6589}.Debug|Any CPU.Build.0 = Debug|Any CPU
		{983E2FFE-D583-4963-88AE-0DDA750E6589}.Release|Any CPU.ActiveCfg = Release|Any CPU
		{983E2FFE-D583-4963-88AE-0DDA750E6589}.Release|Any CPU.Build.0 = Release|Any CPU
		{0C718C0C-803C-45C4-99B4-F596D353DB40}.Debug|Any CPU.ActiveCfg = Debug|Any CPU
		{0C718C0C-803C-45C4-99B4-F596D353DB40}.Debug|Any CPU.Build.0 = Debug|Any CPU
		{0C718C0C-803C-45C4-99B4-F596D353DB40}.Release|Any CPU.ActiveCfg = Release|Any CPU
		{0C718C0C-803C-45C4-99B4-F596D353DB40}.Release|Any CPU.Build.0 = Release|Any CPU
		{7DDA20EE-287E-4683-8749-D940F3B79D77}.Debug|Any CPU.ActiveCfg = Debug|Any CPU
		{7DDA20EE-287E-4683-8749-D940F3B79D77}.Debug|Any CPU.Build.0 = Debug|Any CPU
		{7DDA20EE-287E-4683-8749-D940F3B79D77}.Release|Any CPU.ActiveCfg = Release|Any CPU
		{7DDA20EE-287E-4683-8749-D940F3B79D77}.Release|Any CPU.Build.0 = Release|Any CPU
	EndGlobalSection
EndGlobal
